
Microsoft Visual Studio Solution File, Format Version 12.00
# Visual Studio Version 17
VisualStudioVersion = 17.0.31903.59
MinimumVisualStudioVersion = 10.0.40219.1
Project("{2150E333-8FDC-42A3-9474-1A3956D46DE8}") = "src", "src", "{7882E685-A973-423E-A6AF-E1E8FA74D5FA}"
EndProject
Project("{2150E333-8FDC-42A3-9474-1A3956D46DE8}") = "test", "test", "{60217426-FD51-4BB8-9306-05CAC2CCF385}"
EndProject
Project("{FAE04EC0-301F-11D3-BF4B-00C04F79EFBC}") = "Licitacao.API", "src\Licitacao.API\Licitacao.API.csproj", "{9E57949F-CFE0-41BC-BE7A-5CB2BBFE9129}"
EndProject
Project("{FAE04EC0-301F-11D3-BF4B-00C04F79EFBC}") = "Licitacao.Application", "src\Licitacao.Application\Licitacao.Application.csproj", "{43D1FD1F-B383-46BA-87CB-426E3B45A378}"
EndProject
Project("{FAE04EC0-301F-11D3-BF4B-00C04F79EFBC}") = "Licitacao.Domain", "src\Licitacao.Domain\Licitacao.Domain.csproj", "{8C4D9052-460F-4C23-B6FA-96329D75B16C}"
EndProject
Project("{FAE04EC0-301F-11D3-BF4B-00C04F79EFBC}") = "Licitacao.Infraestructure", "src\Licitacao.Infraestructure\Licitacao.Infraestructure.csproj", "{0269EDAC-0872-42AB-B81B-5020A661CC88}"
EndProject
Global
	GlobalSection(SolutionConfigurationPlatforms) = preSolution
		Debug|Any CPU = Debug|Any CPU
		Release|Any CPU = Release|Any CPU
	EndGlobalSection
	GlobalSection(ProjectConfigurationPlatforms) = postSolution
		{9E57949F-CFE0-41BC-BE7A-5CB2BBFE9129}.Debug|Any CPU.ActiveCfg = Debug|Any CPU
		{9E57949F-CFE0-41BC-BE7A-5CB2BBFE9129}.Debug|Any CPU.Build.0 = Debug|Any CPU
		{9E57949F-CFE0-41BC-BE7A-5CB2BBFE9129}.Release|Any CPU.ActiveCfg = Release|Any CPU
		{9E57949F-CFE0-41BC-BE7A-5CB2BBFE9129}.Release|Any CPU.Build.0 = Release|Any CPU
		{43D1FD1F-B383-46BA-87CB-426E3B45A378}.Debug|Any CPU.ActiveCfg = Debug|Any CPU
		{43D1FD1F-B383-46BA-87CB-426E3B45A378}.Debug|Any CPU.Build.0 = Debug|Any CPU
		{43D1FD1F-B383-46BA-87CB-426E3B45A378}.Release|Any CPU.ActiveCfg = Release|Any CPU
		{43D1FD1F-B383-46BA-87CB-426E3B45A378}.Release|Any CPU.Build.0 = Release|Any CPU
		{8C4D9052-460F-4C23-B6FA-96329D75B16C}.Debug|Any CPU.ActiveCfg = Debug|Any CPU
		{8C4D9052-460F-4C23-B6FA-96329D75B16C}.Debug|Any CPU.Build.0 = Debug|Any CPU
		{8C4D9052-460F-4C23-B6FA-96329D75B16C}.Release|Any CPU.ActiveCfg = Release|Any CPU
		{8C4D9052-460F-4C23-B6FA-96329D75B16C}.Release|Any CPU.Build.0 = Release|Any CPU
		{0269EDAC-0872-42AB-B81B-5020A661CC88}.Debug|Any CPU.ActiveCfg = Debug|Any CPU
		{0269EDAC-0872-42AB-B81B-5020A661CC88}.Debug|Any CPU.Build.0 = Debug|Any CPU
		{0269EDAC-0872-42AB-B81B-5020A661CC88}.Release|Any CPU.ActiveCfg = Release|Any CPU
		{0269EDAC-0872-42AB-B81B-5020A661CC88}.Release|Any CPU.Build.0 = Release|Any CPU
	EndGlobalSection
	GlobalSection(SolutionProperties) = preSolution
		HideSolutionNode = FALSE
	EndGlobalSection
	GlobalSection(NestedProjects) = preSolution
		{9E57949F-CFE0-41BC-BE7A-5CB2BBFE9129} = {7882E685-A973-423E-A6AF-E1E8FA74D5FA}
		{43D1FD1F-B383-46BA-87CB-426E3B45A378} = {7882E685-A973-423E-A6AF-E1E8FA74D5FA}
		{8C4D9052-460F-4C23-B6FA-96329D75B16C} = {7882E685-A973-423E-A6AF-E1E8FA74D5FA}
		{0269EDAC-0872-42AB-B81B-5020A661CC88} = {7882E685-A973-423E-A6AF-E1E8FA74D5FA}
	EndGlobalSection
	GlobalSection(ExtensibilityGlobals) = postSolution
		SolutionGuid = {56E9B617-E5C0-449E-BDD5-6F054A149C03}
	EndGlobalSection
EndGlobal
